
Microsoft Visual Studio Solution File, Format Version 12.00
# Visual Studio Version 16
VisualStudioVersion = 16.0.33214.272
MinimumVisualStudioVersion = 10.0.40219.1
Project("{FAE04EC0-301F-11D3-BF4B-00C04F79EFBC}") = "JobAssignHelperV2", "JobAssignHelperV2\JobAssignHelperV2.csproj", "{F997FBDF-3EE8-4D3F-A8E6-0D2BEF654272}"
EndProject
Global
	GlobalSection(SolutionConfigurationPlatforms) = preSolution
		Debug|Any CPU = Debug|Any CPU
		Release|Any CPU = Release|Any CPU
	EndGlobalSection
	GlobalSection(ProjectConfigurationPlatforms) = postSolution
		{F997FBDF-3EE8-4D3F-A8E6-0D2BEF654272}.Debug|Any CPU.ActiveCfg = Debug|Any CPU
		{F997FBDF-3EE8-4D3F-A8E6-0D2BEF654272}.Debug|Any CPU.Build.0 = Debug|Any CPU
		{F997FBDF-3EE8-4D3F-A8E6-0D2BEF654272}.Release|Any CPU.ActiveCfg = Release|Any CPU
		{F997FBDF-3EE8-4D3F-A8E6-0D2BEF654272}.Release|Any CPU.Build.0 = Release|Any CPU
	EndGlobalSection
	GlobalSection(SolutionProperties) = preSolution
		HideSolutionNode = FALSE
	EndGlobalSection
	GlobalSection(ExtensibilityGlobals) = postSolution
		SolutionGuid = {1EFF285B-40E6-47B3-9938-1EC6E84CF340}
	EndGlobalSection
EndGlobal
